
Microsoft Visual Studio Solution File, Format Version 12.00
# Visual Studio Version 16
VisualStudioVersion = 16.0.30804.86
MinimumVisualStudioVersion = 10.0.40219.1
Project("{9A19103F-16F7-4668-BE54-9A1E7A4F7556}") = "Farseer-Physics-Standard", "Farseer-Physics/Farseer-Physics-Standard.csproj", "{0C471369-E116-4774-845C-C8BADA173C87}"
EndProject
Global
	GlobalSection(SolutionConfigurationPlatforms) = preSolution
		Debug|Any CPU = Debug|Any CPU
		Release|Any CPU = Release|Any CPU
	EndGlobalSection
	GlobalSection(ProjectConfigurationPlatforms) = postSolution
		{0C471369-E116-4774-845C-C8BADA173C87}.Debug|Any CPU.ActiveCfg = Debug|Any CPU
		{0C471369-E116-4774-845C-C8BADA173C87}.Debug|Any CPU.Build.0 = Debug|Any CPU
		{0C471369-E116-4774-845C-C8BADA173C87}.Release|Any CPU.ActiveCfg = Release|Any CPU
		{0C471369-E116-4774-845C-C8BADA173C87}.Release|Any CPU.Build.0 = Release|Any CPU
	EndGlobalSection
	GlobalSection(SolutionProperties) = preSolution
		HideSolutionNode = FALSE
	EndGlobalSection
	GlobalSection(ExtensibilityGlobals) = postSolution
		SolutionGuid = {B31623BA-5F1F-458E-B36F-A5A1165DB951}
	EndGlobalSection
EndGlobal
